// !$*UTF8*$!
{
	archiveVersion = 1;
	classes = {
	};
	objectVersion = 52;
	objects = {

/* Begin PBXBuildFile section */
		980347A524C2B09400C8A9E6 /* MyBadge.swift in Sources */ = {isa = PBXBuildFile; fileRef = 980347A424C2B09400C8A9E6 /* MyBadge.swift */; };
		9817E37F24D5A7E900AF7201 /* FavoriteListView.png in Resources */ = {isa = PBXBuildFile; fileRef = 9817E37D24D5A7E800AF7201 /* FavoriteListView.png */; };
		9817E38024D5A7E900AF7201 /* DetailFavoriteView.png in Resources */ = {isa = PBXBuildFile; fileRef = 9817E37E24D5A7E800AF7201 /* DetailFavoriteView.png */; };
		9819746424E1550C00C79E35 /* Developer.swift in Sources */ = {isa = PBXBuildFile; fileRef = 9819746324E1550C00C79E35 /* Developer.swift */; };
		9819746624E1573900C79E35 /* DetailApi.swift in Sources */ = {isa = PBXBuildFile; fileRef = 9819746524E1573900C79E35 /* DetailApi.swift */; };
		9819746824E1576800C79E35 /* GameDetail.swift in Sources */ = {isa = PBXBuildFile; fileRef = 9819746724E1576800C79E35 /* GameDetail.swift */; };
		9865E4CD24BF2FAB00E4EA07 /* AppDelegate.swift in Sources */ = {isa = PBXBuildFile; fileRef = 9865E4CC24BF2FAB00E4EA07 /* AppDelegate.swift */; };
		9865E4CF24BF2FAB00E4EA07 /* SceneDelegate.swift in Sources */ = {isa = PBXBuildFile; fileRef = 9865E4CE24BF2FAB00E4EA07 /* SceneDelegate.swift */; };
		9865E4D124BF2FAB00E4EA07 /* ContentView.swift in Sources */ = {isa = PBXBuildFile; fileRef = 9865E4D024BF2FAB00E4EA07 /* ContentView.swift */; };
		9865E4D324BF2FB200E4EA07 /* Assets.xcassets in Resources */ = {isa = PBXBuildFile; fileRef = 9865E4D224BF2FB200E4EA07 /* Assets.xcassets */; };
		9865E4D624BF2FB200E4EA07 /* Preview Assets.xcassets in Resources */ = {isa = PBXBuildFile; fileRef = 9865E4D524BF2FB200E4EA07 /* Preview Assets.xcassets */; };
		9865E4D924BF2FB200E4EA07 /* LaunchScreen.storyboard in Resources */ = {isa = PBXBuildFile; fileRef = 9865E4D724BF2FB200E4EA07 /* LaunchScreen.storyboard */; };
		9865E4E524BF494C00E4EA07 /* Game.swift in Sources */ = {isa = PBXBuildFile; fileRef = 9865E4E424BF494C00E4EA07 /* Game.swift */; };
		9865E4E924C0453600E4EA07 /* GameList.swift in Sources */ = {isa = PBXBuildFile; fileRef = 9865E4E824C0453600E4EA07 /* GameList.swift */; };
		9865E4ED24C0674800E4EA07 /* NetworkApi.swift in Sources */ = {isa = PBXBuildFile; fileRef = 9865E4EC24C0674800E4EA07 /* NetworkApi.swift */; };
		98B16BA824CC3C480064A9B8 /* SDWebImageSwiftUI in Frameworks */ = {isa = PBXBuildFile; productRef = 98B16BA724CC3C480064A9B8 /* SDWebImageSwiftUI */; };
		98CBB31924C3238A0026494E /* ProfileDetailView.png in Resources */ = {isa = PBXBuildFile; fileRef = 98CBB31624C323890026494E /* ProfileDetailView.png */; };
		98D8295A24C591E00029D199 /* LoadingView.swift in Sources */ = {isa = PBXBuildFile; fileRef = 98D8295924C591E00029D199 /* LoadingView.swift */; };
		98DCBC0C24D9731A00061F63 /* DetailView.swift in Sources */ = {isa = PBXBuildFile; fileRef = 98DCBC0B24D9731A00061F63 /* DetailView.swift */; };
		98DEA79D24D3C6B5006EFA5E /* FavoriteView.swift in Sources */ = {isa = PBXBuildFile; fileRef = 98DEA79C24D3C6B5006EFA5E /* FavoriteView.swift */; };
		98DEA7A024D3CA50006EFA5E /* MemberFavorite.xcdatamodeld in Sources */ = {isa = PBXBuildFile; fileRef = 98DEA79E24D3CA4F006EFA5E /* MemberFavorite.xcdatamodeld */; };
		98DEA7A224D3CAEB006EFA5E /* FavoriteModel.swift in Sources */ = {isa = PBXBuildFile; fileRef = 98DEA7A124D3CAEB006EFA5E /* FavoriteModel.swift */; };
		98DEA7A424D3CB69006EFA5E /* FavoriteProvider.swift in Sources */ = {isa = PBXBuildFile; fileRef = 98DEA7A324D3CB69006EFA5E /* FavoriteProvider.swift */; };
		98DEA7A624D3CFC9006EFA5E /* MemberDummy.swift in Sources */ = {isa = PBXBuildFile; fileRef = 98DEA7A524D3CFC9006EFA5E /* MemberDummy.swift */; };
		98DEA7A824D3D50E006EFA5E /* FavoriteService.swift in Sources */ = {isa = PBXBuildFile; fileRef = 98DEA7A724D3D50E006EFA5E /* FavoriteService.swift */; };
		98F69EC124C6F26000A038C6 /* GameDetailView.png in Resources */ = {isa = PBXBuildFile; fileRef = 98F69EBF24C6F26000A038C6 /* GameDetailView.png */; };
		98F69EC224C6F26000A038C6 /* Home.png in Resources */ = {isa = PBXBuildFile; fileRef = 98F69EC024C6F26000A038C6 /* Home.png */; };
/* End PBXBuildFile section */

/* Begin PBXFileReference section */
		980347A424C2B09400C8A9E6 /* MyBadge.swift */ = {isa = PBXFileReference; lastKnownFileType = sourcecode.swift; path = MyBadge.swift; sourceTree = "<group>"; };
		9817E37D24D5A7E800AF7201 /* FavoriteListView.png */ = {isa = PBXFileReference; lastKnownFileType = image.png; path = FavoriteListView.png; sourceTree = "<group>"; };
		9817E37E24D5A7E800AF7201 /* DetailFavoriteView.png */ = {isa = PBXFileReference; lastKnownFileType = image.png; path = DetailFavoriteView.png; sourceTree = "<group>"; };
		9817E38124D5A81800AF7201 /* PrototipeGameCatalogue.fig */ = {isa = PBXFileReference; lastKnownFileType = file; path = PrototipeGameCatalogue.fig; sourceTree = "<group>"; };
		9819746324E1550C00C79E35 /* Developer.swift */ = {isa = PBXFileReference; lastKnownFileType = sourcecode.swift; path = Developer.swift; sourceTree = "<group>"; };
		9819746524E1573900C79E35 /* DetailApi.swift */ = {isa = PBXFileReference; lastKnownFileType = sourcecode.swift; path = DetailApi.swift; sourceTree = "<group>"; };
		9819746724E1576800C79E35 /* GameDetail.swift */ = {isa = PBXFileReference; lastKnownFileType = sourcecode.swift; path = GameDetail.swift; sourceTree = "<group>"; };
		9865E4C924BF2FAB00E4EA07 /* GameCatalogue.app */ = {isa = PBXFileReference; explicitFileType = wrapper.application; includeInIndex = 0; path = GameCatalogue.app; sourceTree = BUILT_PRODUCTS_DIR; };
		9865E4CC24BF2FAB00E4EA07 /* AppDelegate.swift */ = {isa = PBXFileReference; lastKnownFileType = sourcecode.swift; path = AppDelegate.swift; sourceTree = "<group>"; };
		9865E4CE24BF2FAB00E4EA07 /* SceneDelegate.swift */ = {isa = PBXFileReference; lastKnownFileType = sourcecode.swift; path = SceneDelegate.swift; sourceTree = "<group>"; };
		9865E4D024BF2FAB00E4EA07 /* ContentView.swift */ = {isa = PBXFileReference; lastKnownFileType = sourcecode.swift; path = ContentView.swift; sourceTree = "<group>"; };
		9865E4D224BF2FB200E4EA07 /* Assets.xcassets */ = {isa = PBXFileReference; lastKnownFileType = folder.assetcatalog; path = Assets.xcassets; sourceTree = "<group>"; };
		9865E4D524BF2FB200E4EA07 /* Preview Assets.xcassets */ = {isa = PBXFileReference; lastKnownFileType = folder.assetcatalog; path = "Preview Assets.xcassets"; sourceTree = "<group>"; };
		9865E4D824BF2FB200E4EA07 /* Base */ = {isa = PBXFileReference; lastKnownFileType = file.storyboard; name = Base; path = Base.lproj/LaunchScreen.storyboard; sourceTree = "<group>"; };
		9865E4DA24BF2FB200E4EA07 /* Info.plist */ = {isa = PBXFileReference; lastKnownFileType = text.plist.xml; path = Info.plist; sourceTree = "<group>"; };
		9865E4E424BF494C00E4EA07 /* Game.swift */ = {isa = PBXFileReference; lastKnownFileType = sourcecode.swift; path = Game.swift; sourceTree = "<group>"; };
		9865E4E824C0453600E4EA07 /* GameList.swift */ = {isa = PBXFileReference; lastKnownFileType = sourcecode.swift; path = GameList.swift; sourceTree = "<group>"; };
		9865E4EC24C0674800E4EA07 /* NetworkApi.swift */ = {isa = PBXFileReference; fileEncoding = 4; lastKnownFileType = sourcecode.swift; path = NetworkApi.swift; sourceTree = "<group>"; };
		98CBB31624C323890026494E /* ProfileDetailView.png */ = {isa = PBXFileReference; lastKnownFileType = image.png; path = ProfileDetailView.png; sourceTree = "<group>"; };
		98D8295924C591E00029D199 /* LoadingView.swift */ = {isa = PBXFileReference; lastKnownFileType = sourcecode.swift; path = LoadingView.swift; sourceTree = "<group>"; };
		98DCBC0B24D9731A00061F63 /* DetailView.swift */ = {isa = PBXFileReference; lastKnownFileType = sourcecode.swift; path = DetailView.swift; sourceTree = "<group>"; };
		98DEA79C24D3C6B5006EFA5E /* FavoriteView.swift */ = {isa = PBXFileReference; lastKnownFileType = sourcecode.swift; path = FavoriteView.swift; sourceTree = "<group>"; };
		98DEA79F24D3CA4F006EFA5E /* MemberFavorite.xcdatamodel */ = {isa = PBXFileReference; lastKnownFileType = wrapper.xcdatamodel; path = MemberFavorite.xcdatamodel; sourceTree = "<group>"; };
		98DEA7A124D3CAEB006EFA5E /* FavoriteModel.swift */ = {isa = PBXFileReference; lastKnownFileType = sourcecode.swift; path = FavoriteModel.swift; sourceTree = "<group>"; };
		98DEA7A324D3CB69006EFA5E /* FavoriteProvider.swift */ = {isa = PBXFileReference; lastKnownFileType = sourcecode.swift; path = FavoriteProvider.swift; sourceTree = "<group>"; };
		98DEA7A524D3CFC9006EFA5E /* MemberDummy.swift */ = {isa = PBXFileReference; lastKnownFileType = sourcecode.swift; path = MemberDummy.swift; sourceTree = "<group>"; };
		98DEA7A724D3D50E006EFA5E /* FavoriteService.swift */ = {isa = PBXFileReference; lastKnownFileType = sourcecode.swift; path = FavoriteService.swift; sourceTree = "<group>"; };
		98F69EBF24C6F26000A038C6 /* GameDetailView.png */ = {isa = PBXFileReference; lastKnownFileType = image.png; path = GameDetailView.png; sourceTree = "<group>"; };
		98F69EC024C6F26000A038C6 /* Home.png */ = {isa = PBXFileReference; lastKnownFileType = image.png; path = Home.png; sourceTree = "<group>"; };
/* End PBXFileReference section */

/* Begin PBXFrameworksBuildPhase section */
		9865E4C624BF2FAB00E4EA07 /* Frameworks */ = {
			isa = PBXFrameworksBuildPhase;
			buildActionMask = 2147483647;
			files = (
				98B16BA824CC3C480064A9B8 /* SDWebImageSwiftUI in Frameworks */,
			);
			runOnlyForDeploymentPostprocessing = 0;
		};
/* End PBXFrameworksBuildPhase section */

/* Begin PBXGroup section */
		9803479C24C1FE7700C8A9E6 /* Model */ = {
			isa = PBXGroup;
			children = (
				9865E4E824C0453600E4EA07 /* GameList.swift */,
				9865E4E424BF494C00E4EA07 /* Game.swift */,
				98DEA79E24D3CA4F006EFA5E /* MemberFavorite.xcdatamodeld */,
				98DEA7A124D3CAEB006EFA5E /* FavoriteModel.swift */,
				98DEA7A324D3CB69006EFA5E /* FavoriteProvider.swift */,
				98DEA7A524D3CFC9006EFA5E /* MemberDummy.swift */,
				9819746324E1550C00C79E35 /* Developer.swift */,
				9819746724E1576800C79E35 /* GameDetail.swift */,
			);
			path = Model;
			sourceTree = "<group>";
		};
		9803479D24C1FE8500C8A9E6 /* Base */ = {
			isa = PBXGroup;
			children = (
				9865E4CC24BF2FAB00E4EA07 /* AppDelegate.swift */,
				9865E4CE24BF2FAB00E4EA07 /* SceneDelegate.swift */,
			);
			path = Base;
			sourceTree = "<group>";
		};
		9803479E24C1FE8F00C8A9E6 /* Service */ = {
			isa = PBXGroup;
			children = (
				9865E4EC24C0674800E4EA07 /* NetworkApi.swift */,
				98DEA7A724D3D50E006EFA5E /* FavoriteService.swift */,
				9819746524E1573900C79E35 /* DetailApi.swift */,
			);
			path = Service;
			sourceTree = "<group>";
		};
		9803479F24C1FE9B00C8A9E6 /* View */ = {
			isa = PBXGroup;
			children = (
				9865E4D024BF2FAB00E4EA07 /* ContentView.swift */,
				980347A424C2B09400C8A9E6 /* MyBadge.swift */,
				98D8295924C591E00029D199 /* LoadingView.swift */,
				98DEA79C24D3C6B5006EFA5E /* FavoriteView.swift */,
				98DCBC0B24D9731A00061F63 /* DetailView.swift */,
			);
			path = View;
			sourceTree = "<group>";
		};
		9865E4C024BF2FAB00E4EA07 = {
			isa = PBXGroup;
			children = (
				9865E4CB24BF2FAB00E4EA07 /* GameCatalogue */,
				9865E4CA24BF2FAB00E4EA07 /* Products */,
			);
			sourceTree = "<group>";
		};
		9865E4CA24BF2FAB00E4EA07 /* Products */ = {
			isa = PBXGroup;
			children = (
				9865E4C924BF2FAB00E4EA07 /* GameCatalogue.app */,
			);
			name = Products;
			sourceTree = "<group>";
		};
		9865E4CB24BF2FAB00E4EA07 /* GameCatalogue */ = {
			isa = PBXGroup;
			children = (
				98CBB31524C323670026494E /* FigmaPrototype */,
				9803479E24C1FE8F00C8A9E6 /* Service */,
				9803479D24C1FE8500C8A9E6 /* Base */,
				9803479F24C1FE9B00C8A9E6 /* View */,
				9803479C24C1FE7700C8A9E6 /* Model */,
				9865E4D224BF2FB200E4EA07 /* Assets.xcassets */,
				9865E4D724BF2FB200E4EA07 /* LaunchScreen.storyboard */,
				9865E4DA24BF2FB200E4EA07 /* Info.plist */,
				9865E4D424BF2FB200E4EA07 /* Preview Content */,
			);
			path = GameCatalogue;
			sourceTree = "<group>";
		};
		9865E4D424BF2FB200E4EA07 /* Preview Content */ = {
			isa = PBXGroup;
			children = (
				9865E4D524BF2FB200E4EA07 /* Preview Assets.xcassets */,
			);
			path = "Preview Content";
			sourceTree = "<group>";
		};
		98CBB31524C323670026494E /* FigmaPrototype */ = {
			isa = PBXGroup;
			children = (
				9817E38124D5A81800AF7201 /* PrototipeGameCatalogue.fig */,
				9817E37E24D5A7E800AF7201 /* DetailFavoriteView.png */,
				9817E37D24D5A7E800AF7201 /* FavoriteListView.png */,
				98F69EBF24C6F26000A038C6 /* GameDetailView.png */,
				98F69EC024C6F26000A038C6 /* Home.png */,
				98CBB31624C323890026494E /* ProfileDetailView.png */,
			);
			path = FigmaPrototype;
			sourceTree = "<group>";
		};
/* End PBXGroup section */

/* Begin PBXNativeTarget section */
		9865E4C824BF2FAB00E4EA07 /* GameCatalogue */ = {
			isa = PBXNativeTarget;
			buildConfigurationList = 9865E4DD24BF2FB200E4EA07 /* Build configuration list for PBXNativeTarget "GameCatalogue" */;
			buildPhases = (
				9865E4C524BF2FAB00E4EA07 /* Sources */,
				9865E4C624BF2FAB00E4EA07 /* Frameworks */,
				9865E4C724BF2FAB00E4EA07 /* Resources */,
			);
			buildRules = (
			);
			dependencies = (
			);
			name = GameCatalogue;
			packageProductDependencies = (
				98B16BA724CC3C480064A9B8 /* SDWebImageSwiftUI */,
			);
			productName = GameCatalogue;
			productReference = 9865E4C924BF2FAB00E4EA07 /* GameCatalogue.app */;
			productType = "com.apple.product-type.application";
		};
/* End PBXNativeTarget section */

/* Begin PBXProject section */
		9865E4C124BF2FAB00E4EA07 /* Project object */ = {
			isa = PBXProject;
			attributes = {
				LastSwiftUpdateCheck = 1150;
				LastUpgradeCheck = 1150;
				ORGANIZATIONNAME = Mrs.Haddock;
				TargetAttributes = {
					9865E4C824BF2FAB00E4EA07 = {
						CreatedOnToolsVersion = 11.5;
					};
				};
			};
			buildConfigurationList = 9865E4C424BF2FAB00E4EA07 /* Build configuration list for PBXProject "GameCatalogue" */;
			compatibilityVersion = "Xcode 9.3";
			developmentRegion = en;
			hasScannedForEncodings = 0;
			knownRegions = (
				en,
				Base,
			);
			mainGroup = 9865E4C024BF2FAB00E4EA07;
			packageReferences = (
				98B16BA624CC3C460064A9B8 /* XCRemoteSwiftPackageReference "SDWebImageSwiftUI" */,
			);
			productRefGroup = 9865E4CA24BF2FAB00E4EA07 /* Products */;
			projectDirPath = "";
			projectRoot = "";
			targets = (
				9865E4C824BF2FAB00E4EA07 /* GameCatalogue */,
			);
		};
/* End PBXProject section */

/* Begin PBXResourcesBuildPhase section */
		9865E4C724BF2FAB00E4EA07 /* Resources */ = {
			isa = PBXResourcesBuildPhase;
			buildActionMask = 2147483647;
			files = (
				9865E4D924BF2FB200E4EA07 /* LaunchScreen.storyboard in Resources */,
				98F69EC124C6F26000A038C6 /* GameDetailView.png in Resources */,
				9865E4D624BF2FB200E4EA07 /* Preview Assets.xcassets in Resources */,
				98F69EC224C6F26000A038C6 /* Home.png in Resources */,
				9865E4D324BF2FB200E4EA07 /* Assets.xcassets in Resources */,
				98CBB31924C3238A0026494E /* ProfileDetailView.png in Resources */,
				9817E37F24D5A7E900AF7201 /* FavoriteListView.png in Resources */,
				9817E38024D5A7E900AF7201 /* DetailFavoriteView.png in Resources */,
			);
			runOnlyForDeploymentPostprocessing = 0;
		};
/* End PBXResourcesBuildPhase section */

/* Begin PBXSourcesBuildPhase section */
		9865E4C524BF2FAB00E4EA07 /* Sources */ = {
			isa = PBXSourcesBuildPhase;
			buildActionMask = 2147483647;
			files = (
				980347A524C2B09400C8A9E6 /* MyBadge.swift in Sources */,
				9865E4E924C0453600E4EA07 /* GameList.swift in Sources */,
				9865E4E524BF494C00E4EA07 /* Game.swift in Sources */,
				98DEA7A824D3D50E006EFA5E /* FavoriteService.swift in Sources */,
				9819746624E1573900C79E35 /* DetailApi.swift in Sources */,
				98DEA7A024D3CA50006EFA5E /* MemberFavorite.xcdatamodeld in Sources */,
				98DEA7A224D3CAEB006EFA5E /* FavoriteModel.swift in Sources */,
				9865E4CD24BF2FAB00E4EA07 /* AppDelegate.swift in Sources */,
				9865E4ED24C0674800E4EA07 /* NetworkApi.swift in Sources */,
				9819746424E1550C00C79E35 /* Developer.swift in Sources */,
				98D8295A24C591E00029D199 /* LoadingView.swift in Sources */,
				98DEA7A424D3CB69006EFA5E /* FavoriteProvider.swift in Sources */,
				98DEA7A624D3CFC9006EFA5E /* MemberDummy.swift in Sources */,
				9865E4CF24BF2FAB00E4EA07 /* SceneDelegate.swift in Sources */,
				98DEA79D24D3C6B5006EFA5E /* FavoriteView.swift in Sources */,
				98DCBC0C24D9731A00061F63 /* DetailView.swift in Sources */,
				9819746824E1576800C79E35 /* GameDetail.swift in Sources */,
				9865E4D124BF2FAB00E4EA07 /* ContentView.swift in Sources */,
			);
			runOnlyForDeploymentPostprocessing = 0;
		};
/* End PBXSourcesBuildPhase section */

/* Begin PBXVariantGroup section */
		9865E4D724BF2FB200E4EA07 /* LaunchScreen.storyboard */ = {
			isa = PBXVariantGroup;
			children = (
				9865E4D824BF2FB200E4EA07 /* Base */,
			);
			name = LaunchScreen.storyboard;
			sourceTree = "<group>";
		};
/* End PBXVariantGroup section */

/* Begin XCBuildConfiguration section */
		9865E4DB24BF2FB200E4EA07 /* Debug */ = {
			isa = XCBuildConfiguration;
			buildSettings = {
				ALWAYS_SEARCH_USER_PATHS = NO;
				CLANG_ANALYZER_NONNULL = YES;
				CLANG_ANALYZER_NUMBER_OBJECT_CONVERSION = YES_AGGRESSIVE;
				CLANG_CXX_LANGUAGE_STANDARD = "gnu++14";
				CLANG_CXX_LIBRARY = "libc++";
				CLANG_ENABLE_MODULES = YES;
				CLANG_ENABLE_OBJC_ARC = YES;
				CLANG_ENABLE_OBJC_WEAK = YES;
				CLANG_WARN_BLOCK_CAPTURE_AUTORELEASING = YES;
				CLANG_WARN_BOOL_CONVERSION = YES;
				CLANG_WARN_COMMA = YES;
				CLANG_WARN_CONSTANT_CONVERSION = YES;
				CLANG_WARN_DEPRECATED_OBJC_IMPLEMENTATIONS = YES;
				CLANG_WARN_DIRECT_OBJC_ISA_USAGE = YES_ERROR;
				CLANG_WARN_DOCUMENTATION_COMMENTS = YES;
				CLANG_WARN_EMPTY_BODY = YES;
				CLANG_WARN_ENUM_CONVERSION = YES;
				CLANG_WARN_INFINITE_RECURSION = YES;
				CLANG_WARN_INT_CONVERSION = YES;
				CLANG_WARN_NON_LITERAL_NULL_CONVERSION = YES;
				CLANG_WARN_OBJC_IMPLICIT_RETAIN_SELF = YES;
				CLANG_WARN_OBJC_LITERAL_CONVERSION = YES;
				CLANG_WARN_OBJC_ROOT_CLASS = YES_ERROR;
				CLANG_WARN_RANGE_LOOP_ANALYSIS = YES;
				CLANG_WARN_STRICT_PROTOTYPES = YES;
				CLANG_WARN_SUSPICIOUS_MOVE = YES;
				CLANG_WARN_UNGUARDED_AVAILABILITY = YES_AGGRESSIVE;
				CLANG_WARN_UNREACHABLE_CODE = YES;
				CLANG_WARN__DUPLICATE_METHOD_MATCH = YES;
				COPY_PHASE_STRIP = NO;
				DEBUG_INFORMATION_FORMAT = dwarf;
				ENABLE_STRICT_OBJC_MSGSEND = YES;
				ENABLE_TESTABILITY = YES;
				GCC_C_LANGUAGE_STANDARD = gnu11;
				GCC_DYNAMIC_NO_PIC = NO;
				GCC_NO_COMMON_BLOCKS = YES;
				GCC_OPTIMIZATION_LEVEL = 0;
				GCC_PREPROCESSOR_DEFINITIONS = (
					"DEBUG=1",
					"$(inherited)",
				);
				GCC_WARN_64_TO_32_BIT_CONVERSION = YES;
				GCC_WARN_ABOUT_RETURN_TYPE = YES_ERROR;
				GCC_WARN_UNDECLARED_SELECTOR = YES;
				GCC_WARN_UNINITIALIZED_AUTOS = YES_AGGRESSIVE;
				GCC_WARN_UNUSED_FUNCTION = YES;
				GCC_WARN_UNUSED_VARIABLE = YES;
				IPHONEOS_DEPLOYMENT_TARGET = 13.5;
				MTL_ENABLE_DEBUG_INFO = INCLUDE_SOURCE;
				MTL_FAST_MATH = YES;
				ONLY_ACTIVE_ARCH = YES;
				SDKROOT = iphoneos;
				SWIFT_ACTIVE_COMPILATION_CONDITIONS = DEBUG;
				SWIFT_OPTIMIZATION_LEVEL = "-Onone";
			};
			name = Debug;
		};
		9865E4DC24BF2FB200E4EA07 /* Release */ = {
			isa = XCBuildConfiguration;
			buildSettings = {
				ALWAYS_SEARCH_USER_PATHS = NO;
				CLANG_ANALYZER_NONNULL = YES;
				CLANG_ANALYZER_NUMBER_OBJECT_CONVERSION = YES_AGGRESSIVE;
				CLANG_CXX_LANGUAGE_STANDARD = "gnu++14";
				CLANG_CXX_LIBRARY = "libc++";
				CLANG_ENABLE_MODULES = YES;
				CLANG_ENABLE_OBJC_ARC = YES;
				CLANG_ENABLE_OBJC_WEAK = YES;
				CLANG_WARN_BLOCK_CAPTURE_AUTORELEASING = YES;
				CLANG_WARN_BOOL_CONVERSION = YES;
				CLANG_WARN_COMMA = YES;
				CLANG_WARN_CONSTANT_CONVERSION = YES;
				CLANG_WARN_DEPRECATED_OBJC_IMPLEMENTATIONS = YES;
				CLANG_WARN_DIRECT_OBJC_ISA_USAGE = YES_ERROR;
				CLANG_WARN_DOCUMENTATION_COMMENTS = YES;
				CLANG_WARN_EMPTY_BODY = YES;
				CLANG_WARN_ENUM_CONVERSION = YES;
				CLANG_WARN_INFINITE_RECURSION = YES;
				CLANG_WARN_INT_CONVERSION = YES;
				CLANG_WARN_NON_LITERAL_NULL_CONVERSION = YES;
				CLANG_WARN_OBJC_IMPLICIT_RETAIN_SELF = YES;
				CLANG_WARN_OBJC_LITERAL_CONVERSION = YES;
				CLANG_WARN_OBJC_ROOT_CLASS = YES_ERROR;
				CLANG_WARN_RANGE_LOOP_ANALYSIS = YES;
				CLANG_WARN_STRICT_PROTOTYPES = YES;
				CLANG_WARN_SUSPICIOUS_MOVE = YES;
				CLANG_WARN_UNGUARDED_AVAILABILITY = YES_AGGRESSIVE;
				CLANG_WARN_UNREACHABLE_CODE = YES;
				CLANG_WARN__DUPLICATE_METHOD_MATCH = YES;
				COPY_PHASE_STRIP = NO;
				DEBUG_INFORMATION_FORMAT = "dwarf-with-dsym";
				ENABLE_NS_ASSERTIONS = NO;
				ENABLE_STRICT_OBJC_MSGSEND = YES;
				GCC_C_LANGUAGE_STANDARD = gnu11;
				GCC_NO_COMMON_BLOCKS = YES;
				GCC_WARN_64_TO_32_BIT_CONVERSION = YES;
				GCC_WARN_ABOUT_RETURN_TYPE = YES_ERROR;
				GCC_WARN_UNDECLARED_SELECTOR = YES;
				GCC_WARN_UNINITIALIZED_AUTOS = YES_AGGRESSIVE;
				GCC_WARN_UNUSED_FUNCTION = YES;
				GCC_WARN_UNUSED_VARIABLE = YES;
				IPHONEOS_DEPLOYMENT_TARGET = 13.5;
				MTL_ENABLE_DEBUG_INFO = NO;
				MTL_FAST_MATH = YES;
				SDKROOT = iphoneos;
				SWIFT_COMPILATION_MODE = wholemodule;
				SWIFT_OPTIMIZATION_LEVEL = "-O";
				VALIDATE_PRODUCT = YES;
			};
			name = Release;
		};
		9865E4DE24BF2FB200E4EA07 /* Debug */ = {
			isa = XCBuildConfiguration;
			buildSettings = {
				ASSETCATALOG_COMPILER_APPICON_NAME = AppIcon;
				CODE_SIGN_STYLE = Automatic;
				DEVELOPMENT_ASSET_PATHS = "\"GameCatalogue/Preview Content\"";
				DEVELOPMENT_TEAM = 95WNP445GB;
				ENABLE_PREVIEWS = YES;
				INFOPLIST_FILE = GameCatalogue/Info.plist;
				LD_RUNPATH_SEARCH_PATHS = (
					"$(inherited)",
					"@executable_path/Frameworks",
				);
				PRODUCT_BUNDLE_IDENTIFIER = fiona.GameCatalogue;
				PRODUCT_NAME = "$(TARGET_NAME)";
				SWIFT_VERSION = 5.0;
				TARGETED_DEVICE_FAMILY = "1,2";
			};
			name = Debug;
		};
		9865E4DF24BF2FB200E4EA07 /* Release */ = {
			isa = XCBuildConfiguration;
			buildSettings = {
				ASSETCATALOG_COMPILER_APPICON_NAME = AppIcon;
				CODE_SIGN_STYLE = Automatic;
				DEVELOPMENT_ASSET_PATHS = "\"GameCatalogue/Preview Content\"";
				DEVELOPMENT_TEAM = 95WNP445GB;
				ENABLE_PREVIEWS = YES;
				INFOPLIST_FILE = GameCatalogue/Info.plist;
				LD_RUNPATH_SEARCH_PATHS = (
					"$(inherited)",
					"@executable_path/Frameworks",
				);
				PRODUCT_BUNDLE_IDENTIFIER = fiona.GameCatalogue;
				PRODUCT_NAME = "$(TARGET_NAME)";
				SWIFT_VERSION = 5.0;
				TARGETED_DEVICE_FAMILY = "1,2";
			};
			name = Release;
		};
/* End XCBuildConfiguration section */

/* Begin XCConfigurationList section */
		9865E4C424BF2FAB00E4EA07 /* Build configuration list for PBXProject "GameCatalogue" */ = {
			isa = XCConfigurationList;
			buildConfigurations = (
				9865E4DB24BF2FB200E4EA07 /* Debug */,
				9865E4DC24BF2FB200E4EA07 /* Release */,
			);
			defaultConfigurationIsVisible = 0;
			defaultConfigurationName = Release;
		};
		9865E4DD24BF2FB200E4EA07 /* Build configuration list for PBXNativeTarget "GameCatalogue" */ = {
			isa = XCConfigurationList;
			buildConfigurations = (
				9865E4DE24BF2FB200E4EA07 /* Debug */,
				9865E4DF24BF2FB200E4EA07 /* Release */,
			);
			defaultConfigurationIsVisible = 0;
			defaultConfigurationName = Release;
		};
/* End XCConfigurationList section */

/* Begin XCRemoteSwiftPackageReference section */
		98B16BA624CC3C460064A9B8 /* XCRemoteSwiftPackageReference "SDWebImageSwiftUI" */ = {
			isa = XCRemoteSwiftPackageReference;
			repositoryURL = "https://github.com/SDWebImage/SDWebImageSwiftUI.git";
			requirement = {
				kind = upToNextMajorVersion;
				minimumVersion = 1.5.0;
			};
		};
/* End XCRemoteSwiftPackageReference section */

/* Begin XCSwiftPackageProductDependency section */
		98B16BA724CC3C480064A9B8 /* SDWebImageSwiftUI */ = {
			isa = XCSwiftPackageProductDependency;
			package = 98B16BA624CC3C460064A9B8 /* XCRemoteSwiftPackageReference "SDWebImageSwiftUI" */;
			productName = SDWebImageSwiftUI;
		};
/* End XCSwiftPackageProductDependency section */

/* Begin XCVersionGroup section */
		98DEA79E24D3CA4F006EFA5E /* MemberFavorite.xcdatamodeld */ = {
			isa = XCVersionGroup;
			children = (
				98DEA79F24D3CA4F006EFA5E /* MemberFavorite.xcdatamodel */,
			);
			currentVersion = 98DEA79F24D3CA4F006EFA5E /* MemberFavorite.xcdatamodel */;
			path = MemberFavorite.xcdatamodeld;
			sourceTree = "<group>";
			versionGroupType = wrapper.xcdatamodel;
		};
/* End XCVersionGroup section */
	};
	rootObject = 9865E4C124BF2FAB00E4EA07 /* Project object */;
}
